# THIS IS AN AUTOGENERATED FILE. DO NOT EDIT THIS FILE DIRECTLY.
# yarn lockfile v1


"@citizenfx/client@latest":
  version "2.0.8052-1"
  resolved "https://registry.npmjs.org/@citizenfx/client/-/client-2.0.8052-1.tgz"
  integrity sha512-u7vngeb2jpgSpGLuFWA9WrH5GkMixCS3IvRXQ3xOwX5/rObMsuKGmSNQHp5A6E1claX5C4eqtnmTvtnEZNUqHQ==

"@citizenfx/server@latest":
  version "2.0.8052-1"
  resolved "https://registry.npmjs.org/@citizenfx/server/-/server-2.0.8052-1.tgz"
  integrity sha512-UNvM9wApF7GxCrHFtjFfZamUp6JS7kP0wC/5dqrv5HBejm8OIbzoI3HourD0tgbROso/L6IkwYABI9K3m1tXag==

"@esbuild/win32-x64@0.20.2":
  version "0.20.2"
  resolved "https://registry.npmjs.org/@esbuild/win32-x64/-/win32-x64-0.20.2.tgz"
  integrity sha512-N49X4lJX27+l9jbLKSqZ6bKNjzQvHaT8IIFUy+YIqmXQdjYCToGWwOItDrfby14c78aDd5NHQl29xingXfCdLQ==

"@types/node@^16.3.1":
  version "16.18.96"
  resolved "https://registry.npmjs.org/@types/node/-/node-16.18.96.tgz"
  integrity sha512-84iSqGXoO+Ha16j8pRZ/L90vDMKX04QTYMTfYeE1WrjWaZXuchBehGUZEpNgx7JnmlrIHdnABmpjrQjhCnNldQ==

esbuild@^0.20.2:
  version "0.20.2"
  resolved "https://registry.npmjs.org/esbuild/-/esbuild-0.20.2.tgz"
  integrity sha512-WdOOppmUNU+IbZ0PaDiTst80zjnrOkyJNHoKupIcVyU8Lvla3Ugx94VzkQ32Ijqd7UhHJy75gNWDMUekcrSJ6g==
  optionalDependencies:
    "@esbuild/aix-ppc64" "0.20.2"
    "@esbuild/android-arm" "0.20.2"
    "@esbuild/android-arm64" "0.20.2"
    "@esbuild/android-x64" "0.20.2"
    "@esbuild/darwin-arm64" "0.20.2"
    "@esbuild/darwin-x64" "0.20.2"
    "@esbuild/freebsd-arm64" "0.20.2"
    "@esbuild/freebsd-x64" "0.20.2"
    "@esbuild/linux-arm" "0.20.2"
    "@esbuild/linux-arm64" "0.20.2"
    "@esbuild/linux-ia32" "0.20.2"
    "@esbuild/linux-loong64" "0.20.2"
    "@esbuild/linux-mips64el" "0.20.2"
    "@esbuild/linux-ppc64" "0.20.2"
    "@esbuild/linux-riscv64" "0.20.2"
    "@esbuild/linux-s390x" "0.20.2"
    "@esbuild/linux-x64" "0.20.2"
    "@esbuild/netbsd-x64" "0.20.2"
    "@esbuild/openbsd-x64" "0.20.2"
    "@esbuild/sunos-x64" "0.20.2"
    "@esbuild/win32-arm64" "0.20.2"
    "@esbuild/win32-ia32" "0.20.2"
    "@esbuild/win32-x64" "0.20.2"
